
Microsoft Visual Studio Solution File, Format Version 12.00
# Visual Studio 14
VisualStudioVersion = 14.0.25420.1
MinimumVisualStudioVersion = 10.0.40219.1
Project("{FAE04EC0-301F-11D3-BF4B-00C04F79EFBC}") = "Task1Console", "Task1Console\Task1Console.csproj", "{DEDD8E67-A48C-4812-B904-476E3EBA88BF}"
EndProject
Project("{FAE04EC0-301F-11D3-BF4B-00C04F79EFBC}") = "Task2Console", "Task2Console\Task2Console.csproj", "{6E787DB1-6FE7-4136-A138-20444FF339E6}"
EndProject
Project("{FAE04EC0-301F-11D3-BF4B-00C04F79EFBC}") = "Task1WinForms", "Task1WinForms\Task1WinForms.csproj", "{819A9254-95CD-47E0-B797-865F2494FCBD}"
EndProject
Project("{FAE04EC0-301F-11D3-BF4B-00C04F79EFBC}") = "Task2WinForms", "TAsk2WinForms\Task2WinForms.csproj", "{4F87B60A-4FBC-4BCA-AC2A-A77F96898112}"
EndProject
Project("{FAE04EC0-301F-11D3-BF4B-00C04F79EFBC}") = "Task3Console", "Task3Console\Task3Console.csproj", "{0B43D303-F8C6-4DA7-8FAD-D1C1681EB30B}"
EndProject
Project("{FAE04EC0-301F-11D3-BF4B-00C04F79EFBC}") = "Task3WinForms", "Task3WinForms\Task3WinForms.csproj", "{67208243-5EF5-4D13-B1FD-C1417A0254C9}"
EndProject
Project("{FAE04EC0-301F-11D3-BF4B-00C04F79EFBC}") = "Task4Console", "Task4Console\Task4Console.csproj", "{910F7D7C-7C65-4DE8-87D0-E6C17061B6D6}"
EndProject
Project("{FAE04EC0-301F-11D3-BF4B-00C04F79EFBC}") = "Task4WinForms", "Task4WinForms\Task4WinForms.csproj", "{355A4F9D-1159-4EF2-92D6-04C0438A589F}"
EndProject
Project("{FAE04EC0-301F-11D3-BF4B-00C04F79EFBC}") = "Task5Console", "Task5Console\Task5Console.csproj", "{1B3F33AD-2D6D-4B91-9966-5F4C474D56A1}"
EndProject
Project("{FAE04EC0-301F-11D3-BF4B-00C04F79EFBC}") = "Task5WinForms", "Task5WinForms\Task5WinForms.csproj", "{E807E8E9-F2EB-4794-B678-98E5E6A24F9A}"
EndProject
Project("{FAE04EC0-301F-11D3-BF4B-00C04F79EFBC}") = "Task1WPF", "Task1WPF\Task1WPF.csproj", "{9CE44371-1B7C-4C14-847A-A9FA2477006F}"
EndProject
Project("{FAE04EC0-301F-11D3-BF4B-00C04F79EFBC}") = "Task2WPF", "Task2WPF\Task2WPF.csproj", "{8CC7C43C-D809-411B-A3D3-A09EFA847136}"
EndProject
Project("{FAE04EC0-301F-11D3-BF4B-00C04F79EFBC}") = "Task3WPF", "Task3WPF\Task3WPF.csproj", "{52836F6B-E56F-4B2C-AF26-AE5D8952433D}"
EndProject
Project("{FAE04EC0-301F-11D3-BF4B-00C04F79EFBC}") = "Task4WPF", "Task4WPF\Task4WPF.csproj", "{A72C1351-2690-446B-958B-BF297A5E4D00}"
EndProject
Project("{FAE04EC0-301F-11D3-BF4B-00C04F79EFBC}") = "Task5WPF", "E:\ISM\CSharp1\Task5WPF\Task5WPF.csproj", "{CCC89DBE-0389-40D2-82F7-69BD385EBDC2}"
EndProject
Project("{FAE04EC0-301F-11D3-BF4B-00C04F79EFBC}") = "QuadEquationConsole", "QuadEquationConsole\QuadEquationConsole.csproj", "{E893C7E6-0217-48CC-B462-29097B9BDAC1}"
EndProject
Project("{FAE04EC0-301F-11D3-BF4B-00C04F79EFBC}") = "QuadEquationWinForm", "QuadEquationWinForm\QuadEquationWinForm.csproj", "{FA11BD97-36B6-4849-BCA4-8D4012FB366A}"
EndProject
Project("{FAE04EC0-301F-11D3-BF4B-00C04F79EFBC}") = "QuadEquationWPF", "QuadEquationWPF\QuadEquationWPF.csproj", "{E3ED41A2-661C-4894-B35E-B05E6BE2180D}"
EndProject
Project("{FAE04EC0-301F-11D3-BF4B-00C04F79EFBC}") = "ForConsole1", "ForConsole1\ForConsole1.csproj", "{DF4CAA07-319C-499A-BC14-3DE74A9AADEF}"
EndProject
Project("{FAE04EC0-301F-11D3-BF4B-00C04F79EFBC}") = "ForConsole2", "ForConsole2\ForConsole2.csproj", "{84560D45-A620-4981-B391-02F8A55E2F98}"
EndProject
Project("{FAE04EC0-301F-11D3-BF4B-00C04F79EFBC}") = "ForConsole4", "ForConsole4\ForConsole4.csproj", "{E4517001-FE09-4438-9D2B-8AB00EEE5F95}"
EndProject
Project("{FAE04EC0-301F-11D3-BF4B-00C04F79EFBC}") = "ForConsole3", "ForConsole3\ForConsole3.csproj", "{061B3C2B-E39A-4627-A1FD-5F19D6B0A6BD}"
EndProject
Project("{FAE04EC0-301F-11D3-BF4B-00C04F79EFBC}") = "ForConsole5", "ForConsole5\ForConsole5.csproj", "{B0990291-317F-43E8-BF66-54EB4EBBFC7D}"
EndProject
Project("{FAE04EC0-301F-11D3-BF4B-00C04F79EFBC}") = "ForConsole6", "ForConsole6\ForConsole6.csproj", "{845FA3E5-DAD1-4E6D-AF30-920DE2C079F0}"
EndProject
Project("{FAE04EC0-301F-11D3-BF4B-00C04F79EFBC}") = "ForConsole7", "ForConsole7\ForConsole7.csproj", "{B22E4C16-5BCC-43EB-9D94-E257455468D6}"
EndProject
Project("{FAE04EC0-301F-11D3-BF4B-00C04F79EFBC}") = "WhileConsole1", "WhileConsole1\WhileConsole1.csproj", "{E50D99BE-42A0-4C8A-9501-EBE72263F88C}"
EndProject
Global
	GlobalSection(SolutionConfigurationPlatforms) = preSolution
		Debug|Any CPU = Debug|Any CPU
		Release|Any CPU = Release|Any CPU
	EndGlobalSection
	GlobalSection(ProjectConfigurationPlatforms) = postSolution
		{DEDD8E67-A48C-4812-B904-476E3EBA88BF}.Debug|Any CPU.ActiveCfg = Debug|Any CPU
		{DEDD8E67-A48C-4812-B904-476E3EBA88BF}.Debug|Any CPU.Build.0 = Debug|Any CPU
		{DEDD8E67-A48C-4812-B904-476E3EBA88BF}.Release|Any CPU.ActiveCfg = Release|Any CPU
		{DEDD8E67-A48C-4812-B904-476E3EBA88BF}.Release|Any CPU.Build.0 = Release|Any CPU
		{6E787DB1-6FE7-4136-A138-20444FF339E6}.Debug|Any CPU.ActiveCfg = Debug|Any CPU
		{6E787DB1-6FE7-4136-A138-20444FF339E6}.Debug|Any CPU.Build.0 = Debug|Any CPU
		{6E787DB1-6FE7-4136-A138-20444FF339E6}.Release|Any CPU.ActiveCfg = Release|Any CPU
		{6E787DB1-6FE7-4136-A138-20444FF339E6}.Release|Any CPU.Build.0 = Release|Any CPU
		{819A9254-95CD-47E0-B797-865F2494FCBD}.Debug|Any CPU.ActiveCfg = Debug|Any CPU
		{819A9254-95CD-47E0-B797-865F2494FCBD}.Debug|Any CPU.Build.0 = Debug|Any CPU
		{819A9254-95CD-47E0-B797-865F2494FCBD}.Release|Any CPU.ActiveCfg = Release|Any CPU
		{819A9254-95CD-47E0-B797-865F2494FCBD}.Release|Any CPU.Build.0 = Release|Any CPU
		{4F87B60A-4FBC-4BCA-AC2A-A77F96898112}.Debug|Any CPU.ActiveCfg = Debug|Any CPU
		{4F87B60A-4FBC-4BCA-AC2A-A77F96898112}.Debug|Any CPU.Build.0 = Debug|Any CPU
		{4F87B60A-4FBC-4BCA-AC2A-A77F96898112}.Release|Any CPU.ActiveCfg = Release|Any CPU
		{4F87B60A-4FBC-4BCA-AC2A-A77F96898112}.Release|Any CPU.Build.0 = Release|Any CPU
		{0B43D303-F8C6-4DA7-8FAD-D1C1681EB30B}.Debug|Any CPU.ActiveCfg = Debug|Any CPU
		{0B43D303-F8C6-4DA7-8FAD-D1C1681EB30B}.Debug|Any CPU.Build.0 = Debug|Any CPU
		{0B43D303-F8C6-4DA7-8FAD-D1C1681EB30B}.Release|Any CPU.ActiveCfg = Release|Any CPU
		{0B43D303-F8C6-4DA7-8FAD-D1C1681EB30B}.Release|Any CPU.Build.0 = Release|Any CPU
		{67208243-5EF5-4D13-B1FD-C1417A0254C9}.Debug|Any CPU.ActiveCfg = Debug|Any CPU
		{67208243-5EF5-4D13-B1FD-C1417A0254C9}.Debug|Any CPU.Build.0 = Debug|Any CPU
		{67208243-5EF5-4D13-B1FD-C1417A0254C9}.Release|Any CPU.ActiveCfg = Release|Any CPU
		{67208243-5EF5-4D13-B1FD-C1417A0254C9}.Release|Any CPU.Build.0 = Release|Any CPU
		{910F7D7C-7C65-4DE8-87D0-E6C17061B6D6}.Debug|Any CPU.ActiveCfg = Debug|Any CPU
		{910F7D7C-7C65-4DE8-87D0-E6C17061B6D6}.Debug|Any CPU.Build.0 = Debug|Any CPU
		{910F7D7C-7C65-4DE8-87D0-E6C17061B6D6}.Release|Any CPU.ActiveCfg = Release|Any CPU
		{910F7D7C-7C65-4DE8-87D0-E6C17061B6D6}.Release|Any CPU.Build.0 = Release|Any CPU
		{355A4F9D-1159-4EF2-92D6-04C0438A589F}.Debug|Any CPU.ActiveCfg = Debug|Any CPU
		{355A4F9D-1159-4EF2-92D6-04C0438A589F}.Debug|Any CPU.Build.0 = Debug|Any CPU
		{355A4F9D-1159-4EF2-92D6-04C0438A589F}.Release|Any CPU.ActiveCfg = Release|Any CPU
		{355A4F9D-1159-4EF2-92D6-04C0438A589F}.Release|Any CPU.Build.0 = Release|Any CPU
		{1B3F33AD-2D6D-4B91-9966-5F4C474D56A1}.Debug|Any CPU.ActiveCfg = Debug|Any CPU
		{1B3F33AD-2D6D-4B91-9966-5F4C474D56A1}.Debug|Any CPU.Build.0 = Debug|Any CPU
		{1B3F33AD-2D6D-4B91-9966-5F4C474D56A1}.Release|Any CPU.ActiveCfg = Release|Any CPU
		{1B3F33AD-2D6D-4B91-9966-5F4C474D56A1}.Release|Any CPU.Build.0 = Release|Any CPU
		{E807E8E9-F2EB-4794-B678-98E5E6A24F9A}.Debug|Any CPU.ActiveCfg = Debug|Any CPU
		{E807E8E9-F2EB-4794-B678-98E5E6A24F9A}.Debug|Any CPU.Build.0 = Debug|Any CPU
		{E807E8E9-F2EB-4794-B678-98E5E6A24F9A}.Release|Any CPU.ActiveCfg = Release|Any CPU
		{E807E8E9-F2EB-4794-B678-98E5E6A24F9A}.Release|Any CPU.Build.0 = Release|Any CPU
		{9CE44371-1B7C-4C14-847A-A9FA2477006F}.Debug|Any CPU.ActiveCfg = Debug|Any CPU
		{9CE44371-1B7C-4C14-847A-A9FA2477006F}.Debug|Any CPU.Build.0 = Debug|Any CPU
		{9CE44371-1B7C-4C14-847A-A9FA2477006F}.Release|Any CPU.ActiveCfg = Release|Any CPU
		{9CE44371-1B7C-4C14-847A-A9FA2477006F}.Release|Any CPU.Build.0 = Release|Any CPU
		{8CC7C43C-D809-411B-A3D3-A09EFA847136}.Debug|Any CPU.ActiveCfg = Debug|Any CPU
		{8CC7C43C-D809-411B-A3D3-A09EFA847136}.Debug|Any CPU.Build.0 = Debug|Any CPU
		{8CC7C43C-D809-411B-A3D3-A09EFA847136}.Release|Any CPU.ActiveCfg = Release|Any CPU
		{8CC7C43C-D809-411B-A3D3-A09EFA847136}.Release|Any CPU.Build.0 = Release|Any CPU
		{52836F6B-E56F-4B2C-AF26-AE5D8952433D}.Debug|Any CPU.ActiveCfg = Debug|Any CPU
		{52836F6B-E56F-4B2C-AF26-AE5D8952433D}.Debug|Any CPU.Build.0 = Debug|Any CPU
		{52836F6B-E56F-4B2C-AF26-AE5D8952433D}.Release|Any CPU.ActiveCfg = Release|Any CPU
		{52836F6B-E56F-4B2C-AF26-AE5D8952433D}.Release|Any CPU.Build.0 = Release|Any CPU
		{A72C1351-2690-446B-958B-BF297A5E4D00}.Debug|Any CPU.ActiveCfg = Debug|Any CPU
		{A72C1351-2690-446B-958B-BF297A5E4D00}.Debug|Any CPU.Build.0 = Debug|Any CPU
		{A72C1351-2690-446B-958B-BF297A5E4D00}.Release|Any CPU.ActiveCfg = Release|Any CPU
		{A72C1351-2690-446B-958B-BF297A5E4D00}.Release|Any CPU.Build.0 = Release|Any CPU
		{CCC89DBE-0389-40D2-82F7-69BD385EBDC2}.Debug|Any CPU.ActiveCfg = Debug|Any CPU
		{CCC89DBE-0389-40D2-82F7-69BD385EBDC2}.Debug|Any CPU.Build.0 = Debug|Any CPU
		{CCC89DBE-0389-40D2-82F7-69BD385EBDC2}.Release|Any CPU.ActiveCfg = Release|Any CPU
		{CCC89DBE-0389-40D2-82F7-69BD385EBDC2}.Release|Any CPU.Build.0 = Release|Any CPU
		{E893C7E6-0217-48CC-B462-29097B9BDAC1}.Debug|Any CPU.ActiveCfg = Debug|Any CPU
		{E893C7E6-0217-48CC-B462-29097B9BDAC1}.Debug|Any CPU.Build.0 = Debug|Any CPU
		{E893C7E6-0217-48CC-B462-29097B9BDAC1}.Release|Any CPU.ActiveCfg = Release|Any CPU
		{E893C7E6-0217-48CC-B462-29097B9BDAC1}.Release|Any CPU.Build.0 = Release|Any CPU
		{FA11BD97-36B6-4849-BCA4-8D4012FB366A}.Debug|Any CPU.ActiveCfg = Debug|Any CPU
		{FA11BD97-36B6-4849-BCA4-8D4012FB366A}.Debug|Any CPU.Build.0 = Debug|Any CPU
		{FA11BD97-36B6-4849-BCA4-8D4012FB366A}.Release|Any CPU.ActiveCfg = Release|Any CPU
		{FA11BD97-36B6-4849-BCA4-8D4012FB366A}.Release|Any CPU.Build.0 = Release|Any CPU
		{E3ED41A2-661C-4894-B35E-B05E6BE2180D}.Debug|Any CPU.ActiveCfg = Debug|Any CPU
		{E3ED41A2-661C-4894-B35E-B05E6BE2180D}.Debug|Any CPU.Build.0 = Debug|Any CPU
		{E3ED41A2-661C-4894-B35E-B05E6BE2180D}.Release|Any CPU.ActiveCfg = Release|Any CPU
		{E3ED41A2-661C-4894-B35E-B05E6BE2180D}.Release|Any CPU.Build.0 = Release|Any CPU
		{DF4CAA07-319C-499A-BC14-3DE74A9AADEF}.Debug|Any CPU.ActiveCfg = Debug|Any CPU
		{DF4CAA07-319C-499A-BC14-3DE74A9AADEF}.Debug|Any CPU.Build.0 = Debug|Any CPU
		{DF4CAA07-319C-499A-BC14-3DE74A9AADEF}.Release|Any CPU.ActiveCfg = Release|Any CPU
		{DF4CAA07-319C-499A-BC14-3DE74A9AADEF}.Release|Any CPU.Build.0 = Release|Any CPU
		{84560D45-A620-4981-B391-02F8A55E2F98}.Debug|Any CPU.ActiveCfg = Debug|Any CPU
		{84560D45-A620-4981-B391-02F8A55E2F98}.Debug|Any CPU.Build.0 = Debug|Any CPU
		{84560D45-A620-4981-B391-02F8A55E2F98}.Release|Any CPU.ActiveCfg = Release|Any CPU
		{84560D45-A620-4981-B391-02F8A55E2F98}.Release|Any CPU.Build.0 = Release|Any CPU
		{E4517001-FE09-4438-9D2B-8AB00EEE5F95}.Debug|Any CPU.ActiveCfg = Debug|Any CPU
		{E4517001-FE09-4438-9D2B-8AB00EEE5F95}.Debug|Any CPU.Build.0 = Debug|Any CPU
		{E4517001-FE09-4438-9D2B-8AB00EEE5F95}.Release|Any CPU.ActiveCfg = Release|Any CPU
		{E4517001-FE09-4438-9D2B-8AB00EEE5F95}.Release|Any CPU.Build.0 = Release|Any CPU
		{061B3C2B-E39A-4627-A1FD-5F19D6B0A6BD}.Debug|Any CPU.ActiveCfg = Debug|Any CPU
		{061B3C2B-E39A-4627-A1FD-5F19D6B0A6BD}.Debug|Any CPU.Build.0 = Debug|Any CPU
		{061B3C2B-E39A-4627-A1FD-5F19D6B0A6BD}.Release|Any CPU.ActiveCfg = Release|Any CPU
		{061B3C2B-E39A-4627-A1FD-5F19D6B0A6BD}.Release|Any CPU.Build.0 = Release|Any CPU
		{B0990291-317F-43E8-BF66-54EB4EBBFC7D}.Debug|Any CPU.ActiveCfg = Debug|Any CPU
		{B0990291-317F-43E8-BF66-54EB4EBBFC7D}.Debug|Any CPU.Build.0 = Debug|Any CPU
		{B0990291-317F-43E8-BF66-54EB4EBBFC7D}.Release|Any CPU.ActiveCfg = Release|Any CPU
		{B0990291-317F-43E8-BF66-54EB4EBBFC7D}.Release|Any CPU.Build.0 = Release|Any CPU
		{845FA3E5-DAD1-4E6D-AF30-920DE2C079F0}.Debug|Any CPU.ActiveCfg = Debug|Any CPU
		{845FA3E5-DAD1-4E6D-AF30-920DE2C079F0}.Debug|Any CPU.Build.0 = Debug|Any CPU
		{845FA3E5-DAD1-4E6D-AF30-920DE2C079F0}.Release|Any CPU.ActiveCfg = Release|Any CPU
		{845FA3E5-DAD1-4E6D-AF30-920DE2C079F0}.Release|Any CPU.Build.0 = Release|Any CPU
		{B22E4C16-5BCC-43EB-9D94-E257455468D6}.Debug|Any CPU.ActiveCfg = Debug|Any CPU
		{B22E4C16-5BCC-43EB-9D94-E257455468D6}.Debug|Any CPU.Build.0 = Debug|Any CPU
		{B22E4C16-5BCC-43EB-9D94-E257455468D6}.Release|Any CPU.ActiveCfg = Release|Any CPU
		{B22E4C16-5BCC-43EB-9D94-E257455468D6}.Release|Any CPU.Build.0 = Release|Any CPU
		{E50D99BE-42A0-4C8A-9501-EBE72263F88C}.Debug|Any CPU.ActiveCfg = Debug|Any CPU
		{E50D99BE-42A0-4C8A-9501-EBE72263F88C}.Debug|Any CPU.Build.0 = Debug|Any CPU
		{E50D99BE-42A0-4C8A-9501-EBE72263F88C}.Release|Any CPU.ActiveCfg = Release|Any CPU
		{E50D99BE-42A0-4C8A-9501-EBE72263F88C}.Release|Any CPU.Build.0 = Release|Any CPU
	EndGlobalSection
	GlobalSection(SolutionProperties) = preSolution
		HideSolutionNode = FALSE
	EndGlobalSection
EndGlobal
